{
  "requires": true,
  "lockfileVersion": 1,
  "dependencies": {
    "@types/esrever": {
      "version": "0.2.0",
      "resolved": "https://registry.npmjs.org/@types/esrever/-/esrever-0.2.0.tgz",
      "integrity": "sha512-5NI6TeGzVEy/iBcuYtcPzzIC6EqlfQ2+UZ54vT0ulq8bPNGAy8UJD+XcsAyEOcnYFUjOVWuUV+k4/rVkxt9/XQ=="
    },
    "@types/is-hotkey": {
      "version": "0.1.1",
      "resolved": "https://registry.npmjs.org/@types/is-hotkey/-/is-hotkey-0.1.1.tgz",
      "integrity": "sha512-QzVKww91fJv/KzARJBS/Im5GS2A8iE64E1HxOed72EmYOvPLG4PBw77QCIUjFl7VwWB3G/SVrxsHedJD/wtn1A=="
    },
    "@types/lodash": {
      "version": "4.14.157",
      "resolved": "https://registry.npmjs.org/@types/lodash/-/lodash-4.14.157.tgz",
      "integrity": "sha512-Ft5BNFmv2pHDgxV5JDsndOWTRJ+56zte0ZpYLowp03tW+K+t8u8YMOzAnpuqPgzX6WO1XpDIUm7u04M8vdDiVQ=="
    },
    "compute-scroll-into-view": {
      "version": "1.0.14",
      "resolved": "https://registry.npmjs.org/compute-scroll-into-view/-/compute-scroll-into-view-1.0.14.tgz",
      "integrity": "sha512-mKDjINe3tc6hGelUMNDzuhorIUZ7kS7BwyY0r2wQd2HOH2tRuJykiC06iSEX8y1TuhNzvz4GcJnK16mM2J1NMQ=="
    },
    "direction": {
      "version": "1.0.4",
      "resolved": "https://registry.npmjs.org/direction/-/direction-1.0.4.tgz",
      "integrity": "sha512-GYqKi1aH7PJXxdhTeZBFrg8vUBeKXi+cNprXsC1kpJcbcVnV9wBsrOu1cQEdG0WeQwlfHiy3XvnKfIrJ2R0NzQ=="
    },
    "esrever": {
      "version": "0.2.0",
      "resolved": "https://registry.npmjs.org/esrever/-/esrever-0.2.0.tgz",
      "integrity": "sha1-lunSj08bGnZ4TNXUkOquAQ50B7g="
    },
    "immer": {
      "version": "5.3.6",
      "resolved": "https://registry.npmjs.org/immer/-/immer-5.3.6.tgz",
      "integrity": "sha512-pqWQ6ozVfNOUDjrLfm4Pt7q4Q12cGw2HUZgry4Q5+Myxu9nmHRkWBpI0J4+MK0AxbdFtdMTwEGVl7Vd+vEiK+A=="
    },
    "immutable": {
      "version": "4.0.0-rc.12",
      "resolved": "https://registry.npmjs.org/immutable/-/immutable-4.0.0-rc.12.tgz",
      "integrity": "sha512-0M2XxkZLx/mi3t8NVwIm1g8nHoEmM9p9UBl/G9k4+hm0kBgOVdMV/B3CY5dQ8qG8qc80NN4gDV4HQv6FTJ5q7A=="
    },
    "is-hotkey": {
      "version": "0.1.6",
      "resolved": "https://registry.npmjs.org/is-hotkey/-/is-hotkey-0.1.6.tgz",
      "integrity": "sha512-1+hMr0GLPM0M49UDRt9RgE8i+SM29UY4AGRP6sGz6fThOVXqSrEvTMakolhHMcVizJnPNAoMpEmE+Oi1k2NrZQ=="
    },
    "is-plain-object": {
      "version": "3.0.1",
      "resolved": "https://registry.npmjs.org/is-plain-object/-/is-plain-object-3.0.1.tgz",
      "integrity": "sha512-Xnpx182SBMrr/aBik8y+GuR4U1L9FqMSojwDQwPMmxyC6bvEqly9UBCxhauBF5vNh2gwWJNX6oDV7O+OM4z34g=="
    },
    "lodash": {
      "version": "4.17.15",
      "resolved": "https://registry.npmjs.org/lodash/-/lodash-4.17.15.tgz",
      "integrity": "sha512-8xOcRHvCjnocdS5cpwXQXVzmmh5e5+saE2QGoeQmbKmRS6J3VQppPOIt0MnmE+4xlZoumy0GPG0D0MVIQbNA1A=="
    },
    "scroll-into-view-if-needed": {
      "version": "2.2.25",
      "resolved": "https://registry.npmjs.org/scroll-into-view-if-needed/-/scroll-into-view-if-needed-2.2.25.tgz",
      "integrity": "sha512-C8RKJPq9lK7eubwGpLbUkw3lklcG3Ndjmea2PyauzrA0i4DPlzAmVMGxaZrBFqCrVLfvJmP80IyHnv4jxvg1OQ==",
      "requires": {
        "compute-scroll-into-view": "^1.0.14"
      }
    },
    "slate": {
      "version": "0.58.3",
      "resolved": "https://registry.npmjs.org/slate/-/slate-0.58.3.tgz",
      "integrity": "sha512-WLQceWBMpiKUlz8ObR2RpwbUnG3MoJmCwOgyY8yKcHOCjSQ/JbMIm0F0Y5wWQPUnr/wRgI4Nm1oc2ofRtHtW5g==",
      "requires": {
        "@types/esrever": "^0.2.0",
        "esrever": "^0.2.0",
        "immer": "^5.0.0",
        "is-plain-object": "^3.0.0",
        "tiny-warning": "^1.0.3"
      }
    },
    "slate-react": {
      "version": "0.58.3",
      "resolved": "https://registry.npmjs.org/slate-react/-/slate-react-0.58.3.tgz",
      "integrity": "sha512-ZdPcC+GwFU7cYf5eowELEGDEyLUW++4foMob8YRQU4XzG5zVvoS38MUfBxEMGIXTHaZW8hzSdoRqQZLvUzRKBA==",
      "requires": {
        "@types/is-hotkey": "^0.1.1",
        "@types/lodash": "^4.14.149",
        "direction": "^1.0.3",
        "is-hotkey": "^0.1.6",
        "is-plain-object": "^3.0.0",
        "lodash": "^4.17.4",
        "scroll-into-view-if-needed": "^2.2.20"
      }
    },
    "tiny-warning": {
      "version": "1.0.3",
      "resolved": "https://registry.npmjs.org/tiny-warning/-/tiny-warning-1.0.3.tgz",
      "integrity": "sha512-lBN9zLN/oAf68o3zNXYrdCt1kP8WsiGW8Oo2ka41b2IM5JL/S1CTyX1rW0mb/zSuJun0ZUrDxx4sqvYS2FWzPA=="
    }
  }
}
